// !$*UTF8*$!
{
	archiveVersion = 1;
	classes = {
	};
	objectVersion = 55;
	objects = {

/* Begin PBXBuildFile section */
		ED790BCA280C34570014B9D4 /* AppDelegate.swift in Sources */ = {isa = PBXBuildFile; fileRef = ED790BC9280C34570014B9D4 /* AppDelegate.swift */; };
		ED790BCC280C34570014B9D4 /* SceneDelegate.swift in Sources */ = {isa = PBXBuildFile; fileRef = ED790BCB280C34570014B9D4 /* SceneDelegate.swift */; };
		ED790BD3280C34580014B9D4 /* Assets.xcassets in Resources */ = {isa = PBXBuildFile; fileRef = ED790BD2280C34580014B9D4 /* Assets.xcassets */; };
		ED790BD6280C34580014B9D4 /* LaunchScreen.storyboard in Resources */ = {isa = PBXBuildFile; fileRef = ED790BD4280C34580014B9D4 /* LaunchScreen.storyboard */; };
		ED790BDE280C75840014B9D4 /* GoogleService-Info.plist in Resources */ = {isa = PBXBuildFile; fileRef = ED790BDD280C75840014B9D4 /* GoogleService-Info.plist */; };
		ED790BE1280C7E730014B9D4 /* FirebaseAnalytics in Frameworks */ = {isa = PBXBuildFile; productRef = ED790BE0280C7E730014B9D4 /* FirebaseAnalytics */; };
		ED790BE3280C7E730014B9D4 /* FirebaseAuth in Frameworks */ = {isa = PBXBuildFile; productRef = ED790BE2280C7E730014B9D4 /* FirebaseAuth */; };
		ED790BE5280C7E730014B9D4 /* FirebaseFirestore in Frameworks */ = {isa = PBXBuildFile; productRef = ED790BE4280C7E730014B9D4 /* FirebaseFirestore */; };
		ED790BE7280C7E730014B9D4 /* FirebaseStorage in Frameworks */ = {isa = PBXBuildFile; productRef = ED790BE6280C7E730014B9D4 /* FirebaseStorage */; };
		ED8B456F2819C35A00704D6B /* Coordinator.swift in Sources */ = {isa = PBXBuildFile; fileRef = ED8B456E2819C35A00704D6B /* Coordinator.swift */; };
		ED8B45732819DD3A00704D6B /* BaseCoordinator.swift in Sources */ = {isa = PBXBuildFile; fileRef = ED8B45722819DD3A00704D6B /* BaseCoordinator.swift */; };
		ED8B45752819DDAB00704D6B /* AppCoordinator.swift in Sources */ = {isa = PBXBuildFile; fileRef = ED8B45742819DDAB00704D6B /* AppCoordinator.swift */; };
		ED9DC49E281543D900EAAFCC /* Fraction.swift in Sources */ = {isa = PBXBuildFile; fileRef = ED9DC49D281543D900EAAFCC /* Fraction.swift */; };
		ED9DC4A02815448300EAAFCC /* Point.swift in Sources */ = {isa = PBXBuildFile; fileRef = ED9DC49F2815448300EAAFCC /* Point.swift */; };
		ED9DC4A2281544F600EAAFCC /* Frame.swift in Sources */ = {isa = PBXBuildFile; fileRef = ED9DC4A1281544F600EAAFCC /* Frame.swift */; };
		ED9DC4A42815454400EAAFCC /* Cell.swift in Sources */ = {isa = PBXBuildFile; fileRef = ED9DC4A32815454400EAAFCC /* Cell.swift */; };
		ED9DC4A6281545EC00EAAFCC /* RGBA.swift in Sources */ = {isa = PBXBuildFile; fileRef = ED9DC4A5281545EC00EAAFCC /* RGBA.swift */; };
		ED9DC4AA28155C5400EAAFCC /* CellElement.swift in Sources */ = {isa = PBXBuildFile; fileRef = ED9DC4A928155C5400EAAFCC /* CellElement.swift */; };
		ED9DC4AC28155CDB00EAAFCC /* ContentAlignment.swift in Sources */ = {isa = PBXBuildFile; fileRef = ED9DC4AB28155CDA00EAAFCC /* ContentAlignment.swift */; };
		ED9DC4AE28155D9E00EAAFCC /* Stroke.swift in Sources */ = {isa = PBXBuildFile; fileRef = ED9DC4AD28155D9E00EAAFCC /* Stroke.swift */; };
		ED9DC4B028155EA800EAAFCC /* ShapeElement.swift in Sources */ = {isa = PBXBuildFile; fileRef = ED9DC4AF28155EA800EAAFCC /* ShapeElement.swift */; };
		ED9DC4B328155F7100EAAFCC /* ImageElement.swift in Sources */ = {isa = PBXBuildFile; fileRef = ED9DC4B228155F7100EAAFCC /* ImageElement.swift */; };
		ED9DC4B528155FB000EAAFCC /* ContentMode.swift in Sources */ = {isa = PBXBuildFile; fileRef = ED9DC4B428155FB000EAAFCC /* ContentMode.swift */; };
		ED9DC4B72815677D00EAAFCC /* LayoutViewInfo.swift in Sources */ = {isa = PBXBuildFile; fileRef = ED9DC4B62815677D00EAAFCC /* LayoutViewInfo.swift */; };
		ED9DC4B9281568C600EAAFCC /* Layout.swift in Sources */ = {isa = PBXBuildFile; fileRef = ED9DC4B8281568C600EAAFCC /* Layout.swift */; };
		ED9DC4BB2815698A00EAAFCC /* TextElement.swift in Sources */ = {isa = PBXBuildFile; fileRef = ED9DC4BA2815698A00EAAFCC /* TextElement.swift */; };
/* End PBXBuildFile section */

/* Begin PBXFileReference section */
		ED790BC6280C34570014B9D4 /* unTILED.app */ = {isa = PBXFileReference; explicitFileType = wrapper.application; includeInIndex = 0; path = unTILED.app; sourceTree = BUILT_PRODUCTS_DIR; };
		ED790BC9280C34570014B9D4 /* AppDelegate.swift */ = {isa = PBXFileReference; lastKnownFileType = sourcecode.swift; path = AppDelegate.swift; sourceTree = "<group>"; };
		ED790BCB280C34570014B9D4 /* SceneDelegate.swift */ = {isa = PBXFileReference; lastKnownFileType = sourcecode.swift; path = SceneDelegate.swift; sourceTree = "<group>"; };
		ED790BD2280C34580014B9D4 /* Assets.xcassets */ = {isa = PBXFileReference; lastKnownFileType = folder.assetcatalog; path = Assets.xcassets; sourceTree = "<group>"; };
		ED790BD7280C34580014B9D4 /* Info.plist */ = {isa = PBXFileReference; lastKnownFileType = text.plist.xml; path = Info.plist; sourceTree = "<group>"; };
		ED790BDD280C75840014B9D4 /* GoogleService-Info.plist */ = {isa = PBXFileReference; fileEncoding = 4; lastKnownFileType = text.plist.xml; path = "GoogleService-Info.plist"; sourceTree = "<group>"; };
		ED8B456E2819C35A00704D6B /* Coordinator.swift */ = {isa = PBXFileReference; lastKnownFileType = sourcecode.swift; path = Coordinator.swift; sourceTree = "<group>"; };
		ED8B45702819CD9700704D6B /* en */ = {isa = PBXFileReference; lastKnownFileType = file.storyboard; name = en; path = en.lproj/LaunchScreen.storyboard; sourceTree = "<group>"; };
		ED8B45722819DD3A00704D6B /* BaseCoordinator.swift */ = {isa = PBXFileReference; lastKnownFileType = sourcecode.swift; path = BaseCoordinator.swift; sourceTree = "<group>"; };
		ED8B45742819DDAB00704D6B /* AppCoordinator.swift */ = {isa = PBXFileReference; lastKnownFileType = sourcecode.swift; path = AppCoordinator.swift; sourceTree = "<group>"; };
		ED9DC49D281543D900EAAFCC /* Fraction.swift */ = {isa = PBXFileReference; lastKnownFileType = sourcecode.swift; path = Fraction.swift; sourceTree = "<group>"; };
		ED9DC49F2815448300EAAFCC /* Point.swift */ = {isa = PBXFileReference; lastKnownFileType = sourcecode.swift; path = Point.swift; sourceTree = "<group>"; };
		ED9DC4A1281544F600EAAFCC /* Frame.swift */ = {isa = PBXFileReference; lastKnownFileType = sourcecode.swift; path = Frame.swift; sourceTree = "<group>"; };
		ED9DC4A32815454400EAAFCC /* Cell.swift */ = {isa = PBXFileReference; lastKnownFileType = sourcecode.swift; path = Cell.swift; sourceTree = "<group>"; };
		ED9DC4A5281545EC00EAAFCC /* RGBA.swift */ = {isa = PBXFileReference; lastKnownFileType = sourcecode.swift; path = RGBA.swift; sourceTree = "<group>"; };
		ED9DC4A928155C5400EAAFCC /* CellElement.swift */ = {isa = PBXFileReference; lastKnownFileType = sourcecode.swift; path = CellElement.swift; sourceTree = "<group>"; };
		ED9DC4AB28155CDA00EAAFCC /* ContentAlignment.swift */ = {isa = PBXFileReference; lastKnownFileType = sourcecode.swift; path = ContentAlignment.swift; sourceTree = "<group>"; };
		ED9DC4AD28155D9E00EAAFCC /* Stroke.swift */ = {isa = PBXFileReference; lastKnownFileType = sourcecode.swift; path = Stroke.swift; sourceTree = "<group>"; };
		ED9DC4AF28155EA800EAAFCC /* ShapeElement.swift */ = {isa = PBXFileReference; lastKnownFileType = sourcecode.swift; path = ShapeElement.swift; sourceTree = "<group>"; };
		ED9DC4B228155F7100EAAFCC /* ImageElement.swift */ = {isa = PBXFileReference; lastKnownFileType = sourcecode.swift; path = ImageElement.swift; sourceTree = "<group>"; };
		ED9DC4B428155FB000EAAFCC /* ContentMode.swift */ = {isa = PBXFileReference; lastKnownFileType = sourcecode.swift; path = ContentMode.swift; sourceTree = "<group>"; };
		ED9DC4B62815677D00EAAFCC /* LayoutViewInfo.swift */ = {isa = PBXFileReference; lastKnownFileType = sourcecode.swift; path = LayoutViewInfo.swift; sourceTree = "<group>"; };
		ED9DC4B8281568C600EAAFCC /* Layout.swift */ = {isa = PBXFileReference; lastKnownFileType = sourcecode.swift; path = Layout.swift; sourceTree = "<group>"; };
		ED9DC4BA2815698A00EAAFCC /* TextElement.swift */ = {isa = PBXFileReference; lastKnownFileType = sourcecode.swift; path = TextElement.swift; sourceTree = "<group>"; };
/* End PBXFileReference section */

/* Begin PBXFrameworksBuildPhase section */
		ED790BC3280C34570014B9D4 /* Frameworks */ = {
			isa = PBXFrameworksBuildPhase;
			buildActionMask = 2147483647;
			files = (
				ED790BE1280C7E730014B9D4 /* FirebaseAnalytics in Frameworks */,
				ED790BE7280C7E730014B9D4 /* FirebaseStorage in Frameworks */,
				ED790BE3280C7E730014B9D4 /* FirebaseAuth in Frameworks */,
				ED790BE5280C7E730014B9D4 /* FirebaseFirestore in Frameworks */,
			);
			runOnlyForDeploymentPostprocessing = 0;
		};
/* End PBXFrameworksBuildPhase section */

/* Begin PBXGroup section */
		ED790BBD280C34570014B9D4 = {
			isa = PBXGroup;
			children = (
				ED790BC8280C34570014B9D4 /* unTILED */,
				ED790BC7280C34570014B9D4 /* Products */,
			);
			sourceTree = "<group>";
		};
		ED790BC7280C34570014B9D4 /* Products */ = {
			isa = PBXGroup;
			children = (
				ED790BC6280C34570014B9D4 /* unTILED.app */,
			);
			name = Products;
			sourceTree = "<group>";
		};
		ED790BC8280C34570014B9D4 /* unTILED */ = {
			isa = PBXGroup;
			children = (
				ED9DC495281540AB00EAAFCC /* Application */,
				ED8B456D2819C33F00704D6B /* Base */,
				ED9DC49A2815412900EAAFCC /* Data */,
				ED9DC4992815411F00EAAFCC /* Domain */,
				ED9DC49B2815414600EAAFCC /* Infrastructure */,
				ED9DC4982815410D00EAAFCC /* Presentation */,
				ED9DC496281540BC00EAAFCC /* Resources */,
			);
			path = unTILED;
			sourceTree = "<group>";
		};
		ED8B456D2819C33F00704D6B /* Base */ = {
			isa = PBXGroup;
			children = (
				ED8B45712819DC4300704D6B /* Coordinator */,
			);
			path = Base;
			sourceTree = "<group>";
		};
		ED8B45712819DC4300704D6B /* Coordinator */ = {
			isa = PBXGroup;
			children = (
				ED8B456E2819C35A00704D6B /* Coordinator.swift */,
				ED8B45722819DD3A00704D6B /* BaseCoordinator.swift */,
			);
			path = Coordinator;
			sourceTree = "<group>";
		};
		ED9DC495281540AB00EAAFCC /* Application */ = {
			isa = PBXGroup;
			children = (
				ED790BC9280C34570014B9D4 /* AppDelegate.swift */,
				ED790BCB280C34570014B9D4 /* SceneDelegate.swift */,
				ED8B45742819DDAB00704D6B /* AppCoordinator.swift */,
			);
			path = Application;
			sourceTree = "<group>";
		};
		ED9DC496281540BC00EAAFCC /* Resources */ = {
			isa = PBXGroup;
			children = (
				ED790BD4280C34580014B9D4 /* LaunchScreen.storyboard */,
				ED790BD2280C34580014B9D4 /* Assets.xcassets */,
				ED790BD7280C34580014B9D4 /* Info.plist */,
				ED790BDD280C75840014B9D4 /* GoogleService-Info.plist */,
			);
			path = Resources;
			sourceTree = "<group>";
		};
		ED9DC4982815410D00EAAFCC /* Presentation */ = {
			isa = PBXGroup;
			children = (
			);
			path = Presentation;
			sourceTree = "<group>";
		};
		ED9DC4992815411F00EAAFCC /* Domain */ = {
			isa = PBXGroup;
			children = (
				ED9DC49C281543C700EAAFCC /* Models */,
			);
			path = Domain;
			sourceTree = "<group>";
		};
		ED9DC49A2815412900EAAFCC /* Data */ = {
			isa = PBXGroup;
			children = (
			);
			path = Data;
			sourceTree = "<group>";
		};
		ED9DC49B2815414600EAAFCC /* Infrastructure */ = {
			isa = PBXGroup;
			children = (
			);
			path = Infrastructure;
			sourceTree = "<group>";
		};
		ED9DC49C281543C700EAAFCC /* Models */ = {
			isa = PBXGroup;
			children = (
				ED9DC4B128155F2C00EAAFCC /* Layout */,
				ED9DC4A828155C0D00EAAFCC /* Elements */,
				ED9DC4A728155BC900EAAFCC /* Utils */,
			);
			path = Models;
			sourceTree = "<group>";
		};
		ED9DC4A728155BC900EAAFCC /* Utils */ = {
			isa = PBXGroup;
			children = (
				ED9DC4A5281545EC00EAAFCC /* RGBA.swift */,
				ED9DC49D281543D900EAAFCC /* Fraction.swift */,
				ED9DC49F2815448300EAAFCC /* Point.swift */,
				ED9DC4A1281544F600EAAFCC /* Frame.swift */,
				ED9DC4AB28155CDA00EAAFCC /* ContentAlignment.swift */,
				ED9DC4AD28155D9E00EAAFCC /* Stroke.swift */,
				ED9DC4B428155FB000EAAFCC /* ContentMode.swift */,
			);
			path = Utils;
			sourceTree = "<group>";
		};
		ED9DC4A828155C0D00EAAFCC /* Elements */ = {
			isa = PBXGroup;
			children = (
				ED9DC4B228155F7100EAAFCC /* ImageElement.swift */,
				ED9DC4A928155C5400EAAFCC /* CellElement.swift */,
				ED9DC4AF28155EA800EAAFCC /* ShapeElement.swift */,
				ED9DC4BA2815698A00EAAFCC /* TextElement.swift */,
			);
			path = Elements;
			sourceTree = "<group>";
		};
		ED9DC4B128155F2C00EAAFCC /* Layout */ = {
			isa = PBXGroup;
			children = (
				ED9DC4A32815454400EAAFCC /* Cell.swift */,
				ED9DC4B62815677D00EAAFCC /* LayoutViewInfo.swift */,
				ED9DC4B8281568C600EAAFCC /* Layout.swift */,
			);
			path = Layout;
			sourceTree = "<group>";
		};
/* End PBXGroup section */

/* Begin PBXNativeTarget section */
		ED790BC5280C34570014B9D4 /* unTILED */ = {
			isa = PBXNativeTarget;
			buildConfigurationList = ED790BDA280C34580014B9D4 /* Build configuration list for PBXNativeTarget "unTILED" */;
			buildPhases = (
				ED790BC2280C34570014B9D4 /* Sources */,
				ED790BC3280C34570014B9D4 /* Frameworks */,
				ED790BC4280C34570014B9D4 /* Resources */,
			);
			buildRules = (
			);
			dependencies = (
			);
			name = unTILED;
			packageProductDependencies = (
				ED790BE0280C7E730014B9D4 /* FirebaseAnalytics */,
				ED790BE2280C7E730014B9D4 /* FirebaseAuth */,
				ED790BE4280C7E730014B9D4 /* FirebaseFirestore */,
				ED790BE6280C7E730014B9D4 /* FirebaseStorage */,
			);
			productName = unTILED;
			productReference = ED790BC6280C34570014B9D4 /* unTILED.app */;
			productType = "com.apple.product-type.application";
		};
/* End PBXNativeTarget section */

/* Begin PBXProject section */
		ED790BBE280C34570014B9D4 /* Project object */ = {
			isa = PBXProject;
			attributes = {
				BuildIndependentTargetsInParallel = 1;
				LastSwiftUpdateCheck = 1320;
				LastUpgradeCheck = 1320;
				TargetAttributes = {
					ED790BC5280C34570014B9D4 = {
						CreatedOnToolsVersion = 13.2.1;
					};
				};
			};
			buildConfigurationList = ED790BC1280C34570014B9D4 /* Build configuration list for PBXProject "unTILED" */;
			compatibilityVersion = "Xcode 13.0";
			developmentRegion = en;
			hasScannedForEncodings = 0;
			knownRegions = (
				en,
			);
			mainGroup = ED790BBD280C34570014B9D4;
			packageReferences = (
				ED790BDF280C7E730014B9D4 /* XCRemoteSwiftPackageReference "firebase-ios-sdk" */,
			);
			productRefGroup = ED790BC7280C34570014B9D4 /* Products */;
			projectDirPath = "";
			projectRoot = "";
			targets = (
				ED790BC5280C34570014B9D4 /* unTILED */,
			);
		};
/* End PBXProject section */

/* Begin PBXResourcesBuildPhase section */
		ED790BC4280C34570014B9D4 /* Resources */ = {
			isa = PBXResourcesBuildPhase;
			buildActionMask = 2147483647;
			files = (
				ED790BD6280C34580014B9D4 /* LaunchScreen.storyboard in Resources */,
				ED790BD3280C34580014B9D4 /* Assets.xcassets in Resources */,
				ED790BDE280C75840014B9D4 /* GoogleService-Info.plist in Resources */,
			);
			runOnlyForDeploymentPostprocessing = 0;
		};
/* End PBXResourcesBuildPhase section */

/* Begin PBXSourcesBuildPhase section */
		ED790BC2280C34570014B9D4 /* Sources */ = {
			isa = PBXSourcesBuildPhase;
			buildActionMask = 2147483647;
			files = (
				ED9DC4A02815448300EAAFCC /* Point.swift in Sources */,
				ED8B45732819DD3A00704D6B /* BaseCoordinator.swift in Sources */,
				ED9DC49E281543D900EAAFCC /* Fraction.swift in Sources */,
				ED9DC4B9281568C600EAAFCC /* Layout.swift in Sources */,
				ED9DC4AA28155C5400EAAFCC /* CellElement.swift in Sources */,
				ED790BCA280C34570014B9D4 /* AppDelegate.swift in Sources */,
				ED790BCC280C34570014B9D4 /* SceneDelegate.swift in Sources */,
				ED9DC4A2281544F600EAAFCC /* Frame.swift in Sources */,
				ED9DC4B328155F7100EAAFCC /* ImageElement.swift in Sources */,
				ED9DC4A42815454400EAAFCC /* Cell.swift in Sources */,
				ED9DC4AE28155D9E00EAAFCC /* Stroke.swift in Sources */,
				ED8B456F2819C35A00704D6B /* Coordinator.swift in Sources */,
				ED9DC4B028155EA800EAAFCC /* ShapeElement.swift in Sources */,
				ED9DC4BB2815698A00EAAFCC /* TextElement.swift in Sources */,
				ED9DC4B528155FB000EAAFCC /* ContentMode.swift in Sources */,
				ED8B45752819DDAB00704D6B /* AppCoordinator.swift in Sources */,
				ED9DC4AC28155CDB00EAAFCC /* ContentAlignment.swift in Sources */,
				ED9DC4B72815677D00EAAFCC /* LayoutViewInfo.swift in Sources */,
				ED9DC4A6281545EC00EAAFCC /* RGBA.swift in Sources */,
			);
			runOnlyForDeploymentPostprocessing = 0;
		};
/* End PBXSourcesBuildPhase section */

/* Begin PBXVariantGroup section */
		ED790BD4280C34580014B9D4 /* LaunchScreen.storyboard */ = {
			isa = PBXVariantGroup;
			children = (
				ED8B45702819CD9700704D6B /* en */,
			);
			name = LaunchScreen.storyboard;
			sourceTree = "<group>";
		};
/* End PBXVariantGroup section */

/* Begin XCBuildConfiguration section */
		ED790BD8280C34580014B9D4 /* Debug */ = {
			isa = XCBuildConfiguration;
			buildSettings = {
				ALWAYS_SEARCH_USER_PATHS = NO;
				CLANG_ANALYZER_NONNULL = YES;
				CLANG_ANALYZER_NUMBER_OBJECT_CONVERSION = YES_AGGRESSIVE;
				CLANG_CXX_LANGUAGE_STANDARD = "gnu++17";
				CLANG_CXX_LIBRARY = "libc++";
				CLANG_ENABLE_MODULES = YES;
				CLANG_ENABLE_OBJC_ARC = YES;
				CLANG_ENABLE_OBJC_WEAK = YES;
				CLANG_WARN_BLOCK_CAPTURE_AUTORELEASING = YES;
				CLANG_WARN_BOOL_CONVERSION = YES;
				CLANG_WARN_COMMA = YES;
				CLANG_WARN_CONSTANT_CONVERSION = YES;
				CLANG_WARN_DEPRECATED_OBJC_IMPLEMENTATIONS = YES;
				CLANG_WARN_DIRECT_OBJC_ISA_USAGE = YES_ERROR;
				CLANG_WARN_DOCUMENTATION_COMMENTS = YES;
				CLANG_WARN_EMPTY_BODY = YES;
				CLANG_WARN_ENUM_CONVERSION = YES;
				CLANG_WARN_INFINITE_RECURSION = YES;
				CLANG_WARN_INT_CONVERSION = YES;
				CLANG_WARN_NON_LITERAL_NULL_CONVERSION = YES;
				CLANG_WARN_OBJC_IMPLICIT_RETAIN_SELF = YES;
				CLANG_WARN_OBJC_LITERAL_CONVERSION = YES;
				CLANG_WARN_OBJC_ROOT_CLASS = YES_ERROR;
				CLANG_WARN_QUOTED_INCLUDE_IN_FRAMEWORK_HEADER = YES;
				CLANG_WARN_RANGE_LOOP_ANALYSIS = YES;
				CLANG_WARN_STRICT_PROTOTYPES = YES;
				CLANG_WARN_SUSPICIOUS_MOVE = YES;
				CLANG_WARN_UNGUARDED_AVAILABILITY = YES_AGGRESSIVE;
				CLANG_WARN_UNREACHABLE_CODE = YES;
				CLANG_WARN__DUPLICATE_METHOD_MATCH = YES;
				COPY_PHASE_STRIP = NO;
				DEBUG_INFORMATION_FORMAT = dwarf;
				ENABLE_STRICT_OBJC_MSGSEND = YES;
				ENABLE_TESTABILITY = YES;
				GCC_C_LANGUAGE_STANDARD = gnu11;
				GCC_DYNAMIC_NO_PIC = NO;
				GCC_NO_COMMON_BLOCKS = YES;
				GCC_OPTIMIZATION_LEVEL = 0;
				GCC_PREPROCESSOR_DEFINITIONS = (
					"DEBUG=1",
					"$(inherited)",
				);
				GCC_WARN_64_TO_32_BIT_CONVERSION = YES;
				GCC_WARN_ABOUT_RETURN_TYPE = YES_ERROR;
				GCC_WARN_UNDECLARED_SELECTOR = YES;
				GCC_WARN_UNINITIALIZED_AUTOS = YES_AGGRESSIVE;
				GCC_WARN_UNUSED_FUNCTION = YES;
				GCC_WARN_UNUSED_VARIABLE = YES;
				IPHONEOS_DEPLOYMENT_TARGET = 13.0;
				MTL_ENABLE_DEBUG_INFO = INCLUDE_SOURCE;
				MTL_FAST_MATH = YES;
				ONLY_ACTIVE_ARCH = YES;
				SDKROOT = iphoneos;
				SWIFT_ACTIVE_COMPILATION_CONDITIONS = DEBUG;
				SWIFT_OPTIMIZATION_LEVEL = "-Onone";
			};
			name = Debug;
		};
		ED790BD9280C34580014B9D4 /* Release */ = {
			isa = XCBuildConfiguration;
			buildSettings = {
				ALWAYS_SEARCH_USER_PATHS = NO;
				CLANG_ANALYZER_NONNULL = YES;
				CLANG_ANALYZER_NUMBER_OBJECT_CONVERSION = YES_AGGRESSIVE;
				CLANG_CXX_LANGUAGE_STANDARD = "gnu++17";
				CLANG_CXX_LIBRARY = "libc++";
				CLANG_ENABLE_MODULES = YES;
				CLANG_ENABLE_OBJC_ARC = YES;
				CLANG_ENABLE_OBJC_WEAK = YES;
				CLANG_WARN_BLOCK_CAPTURE_AUTORELEASING = YES;
				CLANG_WARN_BOOL_CONVERSION = YES;
				CLANG_WARN_COMMA = YES;
				CLANG_WARN_CONSTANT_CONVERSION = YES;
				CLANG_WARN_DEPRECATED_OBJC_IMPLEMENTATIONS = YES;
				CLANG_WARN_DIRECT_OBJC_ISA_USAGE = YES_ERROR;
				CLANG_WARN_DOCUMENTATION_COMMENTS = YES;
				CLANG_WARN_EMPTY_BODY = YES;
				CLANG_WARN_ENUM_CONVERSION = YES;
				CLANG_WARN_INFINITE_RECURSION = YES;
				CLANG_WARN_INT_CONVERSION = YES;
				CLANG_WARN_NON_LITERAL_NULL_CONVERSION = YES;
				CLANG_WARN_OBJC_IMPLICIT_RETAIN_SELF = YES;
				CLANG_WARN_OBJC_LITERAL_CONVERSION = YES;
				CLANG_WARN_OBJC_ROOT_CLASS = YES_ERROR;
				CLANG_WARN_QUOTED_INCLUDE_IN_FRAMEWORK_HEADER = YES;
				CLANG_WARN_RANGE_LOOP_ANALYSIS = YES;
				CLANG_WARN_STRICT_PROTOTYPES = YES;
				CLANG_WARN_SUSPICIOUS_MOVE = YES;
				CLANG_WARN_UNGUARDED_AVAILABILITY = YES_AGGRESSIVE;
				CLANG_WARN_UNREACHABLE_CODE = YES;
				CLANG_WARN__DUPLICATE_METHOD_MATCH = YES;
				COPY_PHASE_STRIP = NO;
				DEBUG_INFORMATION_FORMAT = "dwarf-with-dsym";
				ENABLE_NS_ASSERTIONS = NO;
				ENABLE_STRICT_OBJC_MSGSEND = YES;
				GCC_C_LANGUAGE_STANDARD = gnu11;
				GCC_NO_COMMON_BLOCKS = YES;
				GCC_WARN_64_TO_32_BIT_CONVERSION = YES;
				GCC_WARN_ABOUT_RETURN_TYPE = YES_ERROR;
				GCC_WARN_UNDECLARED_SELECTOR = YES;
				GCC_WARN_UNINITIALIZED_AUTOS = YES_AGGRESSIVE;
				GCC_WARN_UNUSED_FUNCTION = YES;
				GCC_WARN_UNUSED_VARIABLE = YES;
				IPHONEOS_DEPLOYMENT_TARGET = 13.0;
				MTL_ENABLE_DEBUG_INFO = NO;
				MTL_FAST_MATH = YES;
				SDKROOT = iphoneos;
				SWIFT_COMPILATION_MODE = wholemodule;
				SWIFT_OPTIMIZATION_LEVEL = "-O";
				VALIDATE_PRODUCT = YES;
			};
			name = Release;
		};
		ED790BDB280C34580014B9D4 /* Debug */ = {
			isa = XCBuildConfiguration;
			buildSettings = {
				ASSETCATALOG_COMPILER_APPICON_NAME = AppIcon;
				ASSETCATALOG_COMPILER_GLOBAL_ACCENT_COLOR_NAME = AccentColor;
				CODE_SIGN_STYLE = Automatic;
				CURRENT_PROJECT_VERSION = 1;
				DEVELOPMENT_TEAM = Z86A8NA48H;
				GENERATE_INFOPLIST_FILE = YES;
				INFOPLIST_FILE = unTILED/Resources/Info.plist;
				INFOPLIST_KEY_UIApplicationSupportsIndirectInputEvents = YES;
				INFOPLIST_KEY_UILaunchStoryboardName = LaunchScreen;
				INFOPLIST_KEY_UISupportedInterfaceOrientations = UIInterfaceOrientationPortrait;
				INFOPLIST_KEY_UISupportedInterfaceOrientations_iPad = "UIInterfaceOrientationPortrait UIInterfaceOrientationPortraitUpsideDown UIInterfaceOrientationLandscapeLeft UIInterfaceOrientationLandscapeRight";
				INFOPLIST_KEY_UISupportedInterfaceOrientations_iPhone = "UIInterfaceOrientationPortrait UIInterfaceOrientationLandscapeLeft UIInterfaceOrientationLandscapeRight";
				LD_RUNPATH_SEARCH_PATHS = (
					"$(inherited)",
					"@executable_path/Frameworks",
				);
				MARKETING_VERSION = 1.0;
				PRODUCT_BUNDLE_IDENTIFIER = "com.Ruslan-Khanov.unTILED";
				PRODUCT_NAME = "$(TARGET_NAME)";
				SWIFT_EMIT_LOC_STRINGS = YES;
				SWIFT_VERSION = 5.0;
				TARGETED_DEVICE_FAMILY = "1,2";
			};
			name = Debug;
		};
		ED790BDC280C34580014B9D4 /* Release */ = {
			isa = XCBuildConfiguration;
			buildSettings = {
				ASSETCATALOG_COMPILER_APPICON_NAME = AppIcon;
				ASSETCATALOG_COMPILER_GLOBAL_ACCENT_COLOR_NAME = AccentColor;
				CODE_SIGN_STYLE = Automatic;
				CURRENT_PROJECT_VERSION = 1;
				DEVELOPMENT_TEAM = Z86A8NA48H;
				GENERATE_INFOPLIST_FILE = YES;
				INFOPLIST_FILE = unTILED/Resources/Info.plist;
				INFOPLIST_KEY_UIApplicationSupportsIndirectInputEvents = YES;
				INFOPLIST_KEY_UILaunchStoryboardName = LaunchScreen;
				INFOPLIST_KEY_UISupportedInterfaceOrientations = UIInterfaceOrientationPortrait;
				INFOPLIST_KEY_UISupportedInterfaceOrientations_iPad = "UIInterfaceOrientationPortrait UIInterfaceOrientationPortraitUpsideDown UIInterfaceOrientationLandscapeLeft UIInterfaceOrientationLandscapeRight";
				INFOPLIST_KEY_UISupportedInterfaceOrientations_iPhone = "UIInterfaceOrientationPortrait UIInterfaceOrientationLandscapeLeft UIInterfaceOrientationLandscapeRight";
				LD_RUNPATH_SEARCH_PATHS = (
					"$(inherited)",
					"@executable_path/Frameworks",
				);
				MARKETING_VERSION = 1.0;
				PRODUCT_BUNDLE_IDENTIFIER = "com.Ruslan-Khanov.unTILED";
				PRODUCT_NAME = "$(TARGET_NAME)";
				SWIFT_EMIT_LOC_STRINGS = YES;
				SWIFT_VERSION = 5.0;
				TARGETED_DEVICE_FAMILY = "1,2";
			};
			name = Release;
		};
/* End XCBuildConfiguration section */

/* Begin XCConfigurationList section */
		ED790BC1280C34570014B9D4 /* Build configuration list for PBXProject "unTILED" */ = {
			isa = XCConfigurationList;
			buildConfigurations = (
				ED790BD8280C34580014B9D4 /* Debug */,
				ED790BD9280C34580014B9D4 /* Release */,
			);
			defaultConfigurationIsVisible = 0;
			defaultConfigurationName = Release;
		};
		ED790BDA280C34580014B9D4 /* Build configuration list for PBXNativeTarget "unTILED" */ = {
			isa = XCConfigurationList;
			buildConfigurations = (
				ED790BDB280C34580014B9D4 /* Debug */,
				ED790BDC280C34580014B9D4 /* Release */,
			);
			defaultConfigurationIsVisible = 0;
			defaultConfigurationName = Release;
		};
/* End XCConfigurationList section */

/* Begin XCRemoteSwiftPackageReference section */
		ED790BDF280C7E730014B9D4 /* XCRemoteSwiftPackageReference "firebase-ios-sdk" */ = {
			isa = XCRemoteSwiftPackageReference;
			repositoryURL = "https://github.com/firebase/firebase-ios-sdk";
			requirement = {
				kind = upToNextMinorVersion;
				minimumVersion = 8.9.0;
			};
		};
/* End XCRemoteSwiftPackageReference section */

/* Begin XCSwiftPackageProductDependency section */
		ED790BE0280C7E730014B9D4 /* FirebaseAnalytics */ = {
			isa = XCSwiftPackageProductDependency;
			package = ED790BDF280C7E730014B9D4 /* XCRemoteSwiftPackageReference "firebase-ios-sdk" */;
			productName = FirebaseAnalytics;
		};
		ED790BE2280C7E730014B9D4 /* FirebaseAuth */ = {
			isa = XCSwiftPackageProductDependency;
			package = ED790BDF280C7E730014B9D4 /* XCRemoteSwiftPackageReference "firebase-ios-sdk" */;
			productName = FirebaseAuth;
		};
		ED790BE4280C7E730014B9D4 /* FirebaseFirestore */ = {
			isa = XCSwiftPackageProductDependency;
			package = ED790BDF280C7E730014B9D4 /* XCRemoteSwiftPackageReference "firebase-ios-sdk" */;
			productName = FirebaseFirestore;
		};
		ED790BE6280C7E730014B9D4 /* FirebaseStorage */ = {
			isa = XCSwiftPackageProductDependency;
			package = ED790BDF280C7E730014B9D4 /* XCRemoteSwiftPackageReference "firebase-ios-sdk" */;
			productName = FirebaseStorage;
		};
/* End XCSwiftPackageProductDependency section */
	};
	rootObject = ED790BBE280C34570014B9D4 /* Project object */;
}
